// !$*UTF8*$!
{
	archiveVersion = 1;
	classes = {
	};
	objectVersion = 50;
	objects = {

/* Begin PBXBuildFile section */
		EE975D8B248FFBBC00B011C4 /* AppDelegate.swift in Sources */ = {isa = PBXBuildFile; fileRef = EE975D8A248FFBBC00B011C4 /* AppDelegate.swift */; };
		EE975D8D248FFBBC00B011C4 /* SceneDelegate.swift in Sources */ = {isa = PBXBuildFile; fileRef = EE975D8C248FFBBC00B011C4 /* SceneDelegate.swift */; };
		EE975D8F248FFBBC00B011C4 /* ViewController.swift in Sources */ = {isa = PBXBuildFile; fileRef = EE975D8E248FFBBC00B011C4 /* ViewController.swift */; };
		EE975D92248FFBBC00B011C4 /* Main.storyboard in Resources */ = {isa = PBXBuildFile; fileRef = EE975D90248FFBBC00B011C4 /* Main.storyboard */; };
		EE975D94248FFBC800B011C4 /* Assets.xcassets in Resources */ = {isa = PBXBuildFile; fileRef = EE975D93248FFBC800B011C4 /* Assets.xcassets */; };
		EE975D97248FFBC800B011C4 /* LaunchScreen.storyboard in Resources */ = {isa = PBXBuildFile; fileRef = EE975D95248FFBC800B011C4 /* LaunchScreen.storyboard */; };
/* End PBXBuildFile section */

/* Begin PBXFileReference section */
		EE975D87248FFBBC00B011C4 /* DropDownMenu.app */ = {isa = PBXFileReference; explicitFileType = wrapper.application; includeInIndex = 0; path = DropDownMenu.app; sourceTree = BUILT_PRODUCTS_DIR; };
		EE975D8A248FFBBC00B011C4 /* AppDelegate.swift */ = {isa = PBXFileReference; lastKnownFileType = sourcecode.swift; path = AppDelegate.swift; sourceTree = "<group>"; };
		EE975D8C248FFBBC00B011C4 /* SceneDelegate.swift */ = {isa = PBXFileReference; lastKnownFileType = sourcecode.swift; path = SceneDelegate.swift; sourceTree = "<group>"; };
		EE975D8E248FFBBC00B011C4 /* ViewController.swift */ = {isa = PBXFileReference; lastKnownFileType = sourcecode.swift; path = ViewController.swift; sourceTree = "<group>"; };
		EE975D91248FFBBC00B011C4 /* Base */ = {isa = PBXFileReference; lastKnownFileType = file.storyboard; name = Base; path = Base.lproj/Main.storyboard; sourceTree = "<group>"; };
		EE975D93248FFBC800B011C4 /* Assets.xcassets */ = {isa = PBXFileReference; lastKnownFileType = folder.assetcatalog; path = Assets.xcassets; sourceTree = "<group>"; };
		EE975D96248FFBC800B011C4 /* Base */ = {isa = PBXFileReference; lastKnownFileType = file.storyboard; name = Base; path = Base.lproj/LaunchScreen.storyboard; sourceTree = "<group>"; };
		EE975D98248FFBC800B011C4 /* Info.plist */ = {isa = PBXFileReference; lastKnownFileType = text.plist.xml; path = Info.plist; sourceTree = "<group>"; };
/* End PBXFileReference section */

/* Begin PBXFrameworksBuildPhase section */
		EE975D84248FFBBC00B011C4 /* Frameworks */ = {
			isa = PBXFrameworksBuildPhase;
			buildActionMask = 2147483647;
			files = (
			);
			runOnlyForDeploymentPostprocessing = 0;
		};
/* End PBXFrameworksBuildPhase section */

/* Begin PBXGroup section */
		EE975D7E248FFBBC00B011C4 = {
			isa = PBXGroup;
			children = (
				EE975D89248FFBBC00B011C4 /* DropDownMenu */,
				EE975D88248FFBBC00B011C4 /* Products */,
			);
			sourceTree = "<group>";
		};
		EE975D88248FFBBC00B011C4 /* Products */ = {
			isa = PBXGroup;
			children = (
				EE975D87248FFBBC00B011C4 /* DropDownMenu.app */,
			);
			name = Products;
			sourceTree = "<group>";
		};
		EE975D89248FFBBC00B011C4 /* DropDownMenu */ = {
			isa = PBXGroup;
			children = (
				EE975D8A248FFBBC00B011C4 /* AppDelegate.swift */,
				EE975D8C248FFBBC00B011C4 /* SceneDelegate.swift */,
				EE975D8E248FFBBC00B011C4 /* ViewController.swift */,
				EE975D90248FFBBC00B011C4 /* Main.storyboard */,
				EE975D93248FFBC800B011C4 /* Assets.xcassets */,
				EE975D95248FFBC800B011C4 /* LaunchScreen.storyboard */,
				EE975D98248FFBC800B011C4 /* Info.plist */,
			);
			path = DropDownMenu;
			sourceTree = "<group>";
		};
/* End PBXGroup section */

/* Begin PBXNativeTarget section */
		EE975D86248FFBBC00B011C4 /* DropDownMenu */ = {
			isa = PBXNativeTarget;
			buildConfigurationList = EE975D9B248FFBC800B011C4 /* Build configuration list for PBXNativeTarget "DropDownMenu" */;
			buildPhases = (
				EE975D83248FFBBC00B011C4 /* Sources */,
				EE975D84248FFBBC00B011C4 /* Frameworks */,
				EE975D85248FFBBC00B011C4 /* Resources */,
			);
			buildRules = (
			);
			dependencies = (
			);
			name = DropDownMenu;
			productName = DropDownMenu;
			productReference = EE975D87248FFBBC00B011C4 /* DropDownMenu.app */;
			productType = "com.apple.product-type.application";
		};
/* End PBXNativeTarget section */

/* Begin PBXProject section */
		EE975D7F248FFBBC00B011C4 /* Project object */ = {
			isa = PBXProject;
			attributes = {
				LastSwiftUpdateCheck = 1150;
				LastUpgradeCheck = 1150;
				ORGANIZATIONNAME = "JOEL CRAWFORD";
				TargetAttributes = {
					EE975D86248FFBBC00B011C4 = {
						CreatedOnToolsVersion = 11.5;
					};
				};
			};
			buildConfigurationList = EE975D82248FFBBC00B011C4 /* Build configuration list for PBXProject "DropDownMenu" */;
			compatibilityVersion = "Xcode 9.3";
			developmentRegion = en;
			hasScannedForEncodings = 0;
			knownRegions = (
				en,
				Base,
			);
			mainGroup = EE975D7E248FFBBC00B011C4;
			productRefGroup = EE975D88248FFBBC00B011C4 /* Products */;
			projectDirPath = "";
			projectRoot = "";
			targets = (
				EE975D86248FFBBC00B011C4 /* DropDownMenu */,
			);
		};
/* End PBXProject section */

/* Begin PBXResourcesBuildPhase section */
		EE975D85248FFBBC00B011C4 /* Resources */ = {
			isa = PBXResourcesBuildPhase;
			buildActionMask = 2147483647;
			files = (
				EE975D97248FFBC800B011C4 /* LaunchScreen.storyboard in Resources */,
				EE975D94248FFBC800B011C4 /* Assets.xcassets in Resources */,
				EE975D92248FFBBC00B011C4 /* Main.storyboard in Resources */,
			);
			runOnlyForDeploymentPostprocessing = 0;
		};
/* End PBXResourcesBuildPhase section */

/* Begin PBXSourcesBuildPhase section */
		EE975D83248FFBBC00B011C4 /* Sources */ = {
			isa = PBXSourcesBuildPhase;
			buildActionMask = 2147483647;
			files = (
				EE975D8F248FFBBC00B011C4 /* ViewController.swift in Sources */,
				EE975D8B248FFBBC00B011C4 /* AppDelegate.swift in Sources */,
				EE975D8D248FFBBC00B011C4 /* SceneDelegate.swift in Sources */,
			);
			runOnlyForDeploymentPostprocessing = 0;
		};
/* End PBXSourcesBuildPhase section */

/* Begin PBXVariantGroup section */
		EE975D90248FFBBC00B011C4 /* Main.storyboard */ = {
			isa = PBXVariantGroup;
			children = (
				EE975D91248FFBBC00B011C4 /* Base */,
			);
			name = Main.storyboard;
			sourceTree = "<group>";
		};
		EE975D95248FFBC800B011C4 /* LaunchScreen.storyboard */ = {
			isa = PBXVariantGroup;
			children = (
				EE975D96248FFBC800B011C4 /* Base */,
			);
			name = LaunchScreen.storyboard;
			sourceTree = "<group>";
		};
/* End PBXVariantGroup section */

/* Begin XCBuildConfiguration section */
		EE975D99248FFBC800B011C4 /* Debug */ = {
			isa = XCBuildConfiguration;
			buildSettings = {
				ALWAYS_SEARCH_USER_PATHS = NO;
				CLANG_ANALYZER_NONNULL = YES;
				CLANG_ANALYZER_NUMBER_OBJECT_CONVERSION = YES_AGGRESSIVE;
				CLANG_CXX_LANGUAGE_STANDARD = "gnu++14";
				CLANG_CXX_LIBRARY = "libc++";
				CLANG_ENABLE_MODULES = YES;
				CLANG_ENABLE_OBJC_ARC = YES;
				CLANG_ENABLE_OBJC_WEAK = YES;
				CLANG_WARN_BLOCK_CAPTURE_AUTORELEASING = YES;
				CLANG_WARN_BOOL_CONVERSION = YES;
				CLANG_WARN_COMMA = YES;
				CLANG_WARN_CONSTANT_CONVERSION = YES;
				CLANG_WARN_DEPRECATED_OBJC_IMPLEMENTATIONS = YES;
				CLANG_WARN_DIRECT_OBJC_ISA_USAGE = YES_ERROR;
				CLANG_WARN_DOCUMENTATION_COMMENTS = YES;
				CLANG_WARN_EMPTY_BODY = YES;
				CLANG_WARN_ENUM_CONVERSION = YES;
				CLANG_WARN_INFINITE_RECURSION = YES;
				CLANG_WARN_INT_CONVERSION = YES;
				CLANG_WARN_NON_LITERAL_NULL_CONVERSION = YES;
				CLANG_WARN_OBJC_IMPLICIT_RETAIN_SELF = YES;
				CLANG_WARN_OBJC_LITERAL_CONVERSION = YES;
				CLANG_WARN_OBJC_ROOT_CLASS = YES_ERROR;
				CLANG_WARN_RANGE_LOOP_ANALYSIS = YES;
				CLANG_WARN_STRICT_PROTOTYPES = YES;
				CLANG_WARN_SUSPICIOUS_MOVE = YES;
				CLANG_WARN_UNGUARDED_AVAILABILITY = YES_AGGRESSIVE;
				CLANG_WARN_UNREACHABLE_CODE = YES;
				CLANG_WARN__DUPLICATE_METHOD_MATCH = YES;
				COPY_PHASE_STRIP = NO;
				DEBUG_INFORMATION_FORMAT = dwarf;
				ENABLE_STRICT_OBJC_MSGSEND = YES;
				ENABLE_TESTABILITY = YES;
				GCC_C_LANGUAGE_STANDARD = gnu11;
				GCC_DYNAMIC_NO_PIC = NO;
				GCC_NO_COMMON_BLOCKS = YES;
				GCC_OPTIMIZATION_LEVEL = 0;
				GCC_PREPROCESSOR_DEFINITIONS = (
					"DEBUG=1",
					"$(inherited)",
				);
				GCC_WARN_64_TO_32_BIT_CONVERSION = YES;
				GCC_WARN_ABOUT_RETURN_TYPE = YES_ERROR;
				GCC_WARN_UNDECLARED_SELECTOR = YES;
				GCC_WARN_UNINITIALIZED_AUTOS = YES_AGGRESSIVE;
				GCC_WARN_UNUSED_FUNCTION = YES;
				GCC_WARN_UNUSED_VARIABLE = YES;
				IPHONEOS_DEPLOYMENT_TARGET = 13.5;
				MTL_ENABLE_DEBUG_INFO = INCLUDE_SOURCE;
				MTL_FAST_MATH = YES;
				ONLY_ACTIVE_ARCH = YES;
				SDKROOT = iphoneos;
				SWIFT_ACTIVE_COMPILATION_CONDITIONS = DEBUG;
				SWIFT_OPTIMIZATION_LEVEL = "-Onone";
			};
			name = Debug;
		};
		EE975D9A248FFBC800B011C4 /* Release */ = {
			isa = XCBuildConfiguration;
			buildSettings = {
				ALWAYS_SEARCH_USER_PATHS = NO;
				CLANG_ANALYZER_NONNULL = YES;
				CLANG_ANALYZER_NUMBER_OBJECT_CONVERSION = YES_AGGRESSIVE;
				CLANG_CXX_LANGUAGE_STANDARD = "gnu++14";
				CLANG_CXX_LIBRARY = "libc++";
				CLANG_ENABLE_MODULES = YES;
				CLANG_ENABLE_OBJC_ARC = YES;
				CLANG_ENABLE_OBJC_WEAK = YES;
				CLANG_WARN_BLOCK_CAPTURE_AUTORELEASING = YES;
				CLANG_WARN_BOOL_CONVERSION = YES;
				CLANG_WARN_COMMA = YES;
				CLANG_WARN_CONSTANT_CONVERSION = YES;
				CLANG_WARN_DEPRECATED_OBJC_IMPLEMENTATIONS = YES;
				CLANG_WARN_DIRECT_OBJC_ISA_USAGE = YES_ERROR;
				CLANG_WARN_DOCUMENTATION_COMMENTS = YES;
				CLANG_WARN_EMPTY_BODY = YES;
				CLANG_WARN_ENUM_CONVERSION = YES;
				CLANG_WARN_INFINITE_RECURSION = YES;
				CLANG_WARN_INT_CONVERSION = YES;
				CLANG_WARN_NON_LITERAL_NULL_CONVERSION = YES;
				CLANG_WARN_OBJC_IMPLICIT_RETAIN_SELF = YES;
				CLANG_WARN_OBJC_LITERAL_CONVERSION = YES;
				CLANG_WARN_OBJC_ROOT_CLASS = YES_ERROR;
				CLANG_WARN_RANGE_LOOP_ANALYSIS = YES;
				CLANG_WARN_STRICT_PROTOTYPES = YES;
				CLANG_WARN_SUSPICIOUS_MOVE = YES;
				CLANG_WARN_UNGUARDED_AVAILABILITY = YES_AGGRESSIVE;
				CLANG_WARN_UNREACHABLE_CODE = YES;
				CLANG_WARN__DUPLICATE_METHOD_MATCH = YES;
				COPY_PHASE_STRIP = NO;
				DEBUG_INFORMATION_FORMAT = "dwarf-with-dsym";
				ENABLE_NS_ASSERTIONS = NO;
				ENABLE_STRICT_OBJC_MSGSEND = YES;
				GCC_C_LANGUAGE_STANDARD = gnu11;
				GCC_NO_COMMON_BLOCKS = YES;
				GCC_WARN_64_TO_32_BIT_CONVERSION = YES;
				GCC_WARN_ABOUT_RETURN_TYPE = YES_ERROR;
				GCC_WARN_UNDECLARED_SELECTOR = YES;
				GCC_WARN_UNINITIALIZED_AUTOS = YES_AGGRESSIVE;
				GCC_WARN_UNUSED_FUNCTION = YES;
				GCC_WARN_UNUSED_VARIABLE = YES;
				IPHONEOS_DEPLOYMENT_TARGET = 13.5;
				MTL_ENABLE_DEBUG_INFO = NO;
				MTL_FAST_MATH = YES;
				SDKROOT = iphoneos;
				SWIFT_COMPILATION_MODE = wholemodule;
				SWIFT_OPTIMIZATION_LEVEL = "-O";
				VALIDATE_PRODUCT = YES;
			};
			name = Release;
		};
		EE975D9C248FFBC800B011C4 /* Debug */ = {
			isa = XCBuildConfiguration;
			buildSettings = {
				ASSETCATALOG_COMPILER_APPICON_NAME = AppIcon;
				CODE_SIGN_STYLE = Automatic;
				INFOPLIST_FILE = DropDownMenu/Info.plist;
				LD_RUNPATH_SEARCH_PATHS = (
					"$(inherited)",
					"@executable_path/Frameworks",
				);
				PRODUCT_BUNDLE_IDENTIFIER = RTS.DropDownMenu;
				PRODUCT_NAME = "$(TARGET_NAME)";
				SWIFT_VERSION = 5.0;
				TARGETED_DEVICE_FAMILY = "1,2";
			};
			name = Debug;
		};
		EE975D9D248FFBC800B011C4 /* Release */ = {
			isa = XCBuildConfiguration;
			buildSettings = {
				ASSETCATALOG_COMPILER_APPICON_NAME = AppIcon;
				CODE_SIGN_STYLE = Automatic;
				INFOPLIST_FILE = DropDownMenu/Info.plist;
				LD_RUNPATH_SEARCH_PATHS = (
					"$(inherited)",
					"@executable_path/Frameworks",
				);
				PRODUCT_BUNDLE_IDENTIFIER = RTS.DropDownMenu;
				PRODUCT_NAME = "$(TARGET_NAME)";
				SWIFT_VERSION = 5.0;
				TARGETED_DEVICE_FAMILY = "1,2";
			};
			name = Release;
		};
/* End XCBuildConfiguration section */

/* Begin XCConfigurationList section */
		EE975D82248FFBBC00B011C4 /* Build configuration list for PBXProject "DropDownMenu" */ = {
			isa = XCConfigurationList;
			buildConfigurations = (
				EE975D99248FFBC800B011C4 /* Debug */,
				EE975D9A248FFBC800B011C4 /* Release */,
			);
			defaultConfigurationIsVisible = 0;
			defaultConfigurationName = Release;
		};
		EE975D9B248FFBC800B011C4 /* Build configuration list for PBXNativeTarget "DropDownMenu" */ = {
			isa = XCConfigurationList;
			buildConfigurations = (
				EE975D9C248FFBC800B011C4 /* Debug */,
				EE975D9D248FFBC800B011C4 /* Release */,
			);
			defaultConfigurationIsVisible = 0;
			defaultConfigurationName = Release;
		};
/* End XCConfigurationList section */
	};
	rootObject = EE975D7F248FFBBC00B011C4 /* Project object */;
}
